lockfileVersion: '6.0'

settings:
  autoInstallPeers: true
  excludeLinksFromLockfile: false

dependencies:
  bootstrap-icons:
    specifier: ^1.11.1
    version: 1.11.1

packages:

  /bootstrap-icons@1.11.1:
    resolution: {integrity: sha512-F0DDp7nKUX+x/QtpfRZ+XHFya60ng9nfdpdS59vDDfs4Uhuxp7zym/QavMsu/xx51txkoM9eVmpE7D08N35blw==}
    dev: false
